
Microsoft Visual Studio Solution File, Format Version 12.00
# Visual Studio Version 17
VisualStudioVersion = 17.8.34309.116
MinimumVisualStudioVersion = 10.0.40219.1
Project("{9A19103F-16F7-4668-BE54-9A1E7A4F7556}") = "Part1", "Part1\Part1.csproj", "{DD40D98F-373E-424B-80FA-0405F0127265}"
EndProject
Project("{FAE04EC0-301F-11D3-BF4B-00C04F79EFBC}") = "Part2", "Part2\Part2.csproj", "{D59D86E6-3A4E-4796-A0DA-7110BCC8F86C}"
EndProject
Global
	GlobalSection(SolutionConfigurationPlatforms) = preSolution
		Debug|Any CPU = Debug|Any CPU
		Release|Any CPU = Release|Any CPU
	EndGlobalSection
	GlobalSection(ProjectConfigurationPlatforms) = postSolution
		{DD40D98F-373E-424B-80FA-0405F0127265}.Debug|Any CPU.ActiveCfg = Debug|Any CPU
		{DD40D98F-373E-424B-80FA-0405F0127265}.Debug|Any CPU.Build.0 = Debug|Any CPU
		{DD40D98F-373E-424B-80FA-0405F0127265}.Release|Any CPU.ActiveCfg = Release|Any CPU
		{DD40D98F-373E-424B-80FA-0405F0127265}.Release|Any CPU.Build.0 = Release|Any CPU
		{D59D86E6-3A4E-4796-A0DA-7110BCC8F86C}.Debug|Any CPU.ActiveCfg = Debug|Any CPU
		{D59D86E6-3A4E-4796-A0DA-7110BCC8F86C}.Debug|Any CPU.Build.0 = Debug|Any CPU
		{D59D86E6-3A4E-4796-A0DA-7110BCC8F86C}.Release|Any CPU.ActiveCfg = Release|Any CPU
		{D59D86E6-3A4E-4796-A0DA-7110BCC8F86C}.Release|Any CPU.Build.0 = Release|Any CPU
	EndGlobalSection
	GlobalSection(SolutionProperties) = preSolution
		HideSolutionNode = FALSE
	EndGlobalSection
	GlobalSection(ExtensibilityGlobals) = postSolution
		SolutionGuid = {E3063706-7855-405A-99CE-E06FB2D18EB5}
	EndGlobalSection
EndGlobal
