
Microsoft Visual Studio Solution File, Format Version 12.00
# Visual Studio Version 17
VisualStudioVersion = 17.8.34309.116
MinimumVisualStudioVersion = 10.0.40219.1
Project("{9A19103F-16F7-4668-BE54-9A1E7A4F7556}") = "Part1", "Part1\Part1.csproj", "{F2A02631-90C8-4ECB-9EBF-058EF4809970}"
EndProject
Project("{9A19103F-16F7-4668-BE54-9A1E7A4F7556}") = "Part2", "Part2\Part2.csproj", "{6E6D1628-B58C-4F1B-BB6C-D03F00A664FE}"
EndProject
Global
	GlobalSection(SolutionConfigurationPlatforms) = preSolution
		Debug|Any CPU = Debug|Any CPU
		Release|Any CPU = Release|Any CPU
	EndGlobalSection
	GlobalSection(ProjectConfigurationPlatforms) = postSolution
		{F2A02631-90C8-4ECB-9EBF-058EF4809970}.Debug|Any CPU.ActiveCfg = Debug|Any CPU
		{F2A02631-90C8-4ECB-9EBF-058EF4809970}.Debug|Any CPU.Build.0 = Debug|Any CPU
		{F2A02631-90C8-4ECB-9EBF-058EF4809970}.Release|Any CPU.ActiveCfg = Release|Any CPU
		{F2A02631-90C8-4ECB-9EBF-058EF4809970}.Release|Any CPU.Build.0 = Release|Any CPU
		{6E6D1628-B58C-4F1B-BB6C-D03F00A664FE}.Debug|Any CPU.ActiveCfg = Debug|Any CPU
		{6E6D1628-B58C-4F1B-BB6C-D03F00A664FE}.Debug|Any CPU.Build.0 = Debug|Any CPU
		{6E6D1628-B58C-4F1B-BB6C-D03F00A664FE}.Release|Any CPU.ActiveCfg = Release|Any CPU
		{6E6D1628-B58C-4F1B-BB6C-D03F00A664FE}.Release|Any CPU.Build.0 = Release|Any CPU
	EndGlobalSection
	GlobalSection(SolutionProperties) = preSolution
		HideSolutionNode = FALSE
	EndGlobalSection
	GlobalSection(ExtensibilityGlobals) = postSolution
		SolutionGuid = {710930F1-1A7A-432A-AEB9-6F9BAC97056D}
	EndGlobalSection
EndGlobal
